
Microsoft Visual Studio Solution File, Format Version 12.00
# Visual Studio Version 16
VisualStudioVersion = 16.0.30804.86
MinimumVisualStudioVersion = 10.0.40219.1
Project("{FAE04EC0-301F-11D3-BF4B-00C04F79EFBC}") = "GrossMarketApp.Core", "GrossMarketApp.Core\GrossMarketApp.Core.csproj", "{28CEF2DF-4A6F-413D-8238-5C23C480DA4B}"
EndProject
Project("{FAE04EC0-301F-11D3-BF4B-00C04F79EFBC}") = "GrossMarketApp.Data", "GrossMarketApp.Data\GrossMarketApp.Data.csproj", "{7CCB58F7-9B24-4212-AC87-FE6BD1823195}"
EndProject
Project("{FAE04EC0-301F-11D3-BF4B-00C04F79EFBC}") = "GrossMarketApp.Business", "GrossMarketApp.Business\GrossMarketApp.Business.csproj", "{7CBA54EE-A1DD-417A-8D06-FB87C00639D9}"
EndProject
Project("{FAE04EC0-301F-11D3-BF4B-00C04F79EFBC}") = "GrossMarketApp.Api", "GrossMarketApp.Api\GrossMarketApp.Api.csproj", "{11E1465B-A838-44EA-B0FD-4BD2A8A15A38}"
EndProject
Global
	GlobalSection(SolutionConfigurationPlatforms) = preSolution
		Debug|Any CPU = Debug|Any CPU
		Release|Any CPU = Release|Any CPU
	EndGlobalSection
	GlobalSection(ProjectConfigurationPlatforms) = postSolution
		{28CEF2DF-4A6F-413D-8238-5C23C480DA4B}.Debug|Any CPU.ActiveCfg = Debug|Any CPU
		{28CEF2DF-4A6F-413D-8238-5C23C480DA4B}.Debug|Any CPU.Build.0 = Debug|Any CPU
		{28CEF2DF-4A6F-413D-8238-5C23C480DA4B}.Release|Any CPU.ActiveCfg = Release|Any CPU
		{28CEF2DF-4A6F-413D-8238-5C23C480DA4B}.Release|Any CPU.Build.0 = Release|Any CPU
		{7CCB58F7-9B24-4212-AC87-FE6BD1823195}.Debug|Any CPU.ActiveCfg = Debug|Any CPU
		{7CCB58F7-9B24-4212-AC87-FE6BD1823195}.Debug|Any CPU.Build.0 = Debug|Any CPU
		{7CCB58F7-9B24-4212-AC87-FE6BD1823195}.Release|Any CPU.ActiveCfg = Release|Any CPU
		{7CCB58F7-9B24-4212-AC87-FE6BD1823195}.Release|Any CPU.Build.0 = Release|Any CPU
		{7CBA54EE-A1DD-417A-8D06-FB87C00639D9}.Debug|Any CPU.ActiveCfg = Debug|Any CPU
		{7CBA54EE-A1DD-417A-8D06-FB87C00639D9}.Debug|Any CPU.Build.0 = Debug|Any CPU
		{7CBA54EE-A1DD-417A-8D06-FB87C00639D9}.Release|Any CPU.ActiveCfg = Release|Any CPU
		{7CBA54EE-A1DD-417A-8D06-FB87C00639D9}.Release|Any CPU.Build.0 = Release|Any CPU
		{11E1465B-A838-44EA-B0FD-4BD2A8A15A38}.Debug|Any CPU.ActiveCfg = Debug|Any CPU
		{11E1465B-A838-44EA-B0FD-4BD2A8A15A38}.Debug|Any CPU.Build.0 = Debug|Any CPU
		{11E1465B-A838-44EA-B0FD-4BD2A8A15A38}.Release|Any CPU.ActiveCfg = Release|Any CPU
		{11E1465B-A838-44EA-B0FD-4BD2A8A15A38}.Release|Any CPU.Build.0 = Release|Any CPU
	EndGlobalSection
	GlobalSection(SolutionProperties) = preSolution
		HideSolutionNode = FALSE
	EndGlobalSection
	GlobalSection(ExtensibilityGlobals) = postSolution
		SolutionGuid = {0CF168B2-B8D6-41AD-ACD3-843475F189E1}
	EndGlobalSection
EndGlobal
